{
  "name": "ask-sample-speechmarkdown",
  "version": "1.0.0",
  "lockfileVersion": 1,
  "requires": true,
  "dependencies": {
    "@babel/runtime": {
      "version": "7.10.1",
      "resolved": "https://registry.npmjs.org/@babel/runtime/-/runtime-7.10.1.tgz",
      "integrity": "sha512-nQbbCbQc9u/rpg1XCxoMYQTbSMVZjCDxErQ1ClCn9Pvcmv1lGads19ep0a2VsEiIJeHqjZley6EQGEC3Yo1xMA==",
      "requires": {
        "regenerator-runtime": "^0.13.4"
      }
    },
    "ask-sdk-core": {
      "version": "2.8.0",
      "resolved": "https://registry.npmjs.org/ask-sdk-core/-/ask-sdk-core-2.8.0.tgz",
      "integrity": "sha512-yW5D+5Z8sKOAm/vVySTZkj7f1+LemBsOAjTEZQTK4MdS8Lp8xteg3cmuqcvCp3M8405K2LYd7TknCoEAs82HEA==",
      "requires": {
        "ask-sdk-runtime": "^2.8.0"
      }
    },
    "ask-sdk-model": {
      "version": "1.28.0",
      "resolved": "https://registry.npmjs.org/ask-sdk-model/-/ask-sdk-model-1.28.0.tgz",
      "integrity": "sha512-T4qz/hbXlQ8t6XvJBB7+tkYxpLe9/Ic+MEWNYGKgwbWnIOi5SKpfkXTEvV/mOEMpLMKj8WC84j+nRAyVc63NXQ=="
    },
    "ask-sdk-runtime": {
      "version": "2.8.0",
      "resolved": "https://registry.npmjs.org/ask-sdk-runtime/-/ask-sdk-runtime-2.8.0.tgz",
      "integrity": "sha512-hsVDcFKcbuj2H7MuAUlW0RBCTF8QOXfVCsrWSIgV2ABi8+PyI0zGUe8TdkQOGsPrDAv1PIzOS42QYqxWwPsp2g=="
    },
    "i18next": {
      "version": "19.4.5",
      "resolved": "https://registry.npmjs.org/i18next/-/i18next-19.4.5.tgz",
      "integrity": "sha512-aLvSsURoupi3x9IndmV6+m3IGhzLzhYv7Gw+//K3ovdliyGcFRV0I1MuddI0Bk/zR7BG1U+kJOjeHFUcUIdEgg==",
      "requires": {
        "@babel/runtime": "^7.3.1"
      }
    },
    "myna-parser": {
      "version": "2.5.1",
      "resolved": "https://registry.npmjs.org/myna-parser/-/myna-parser-2.5.1.tgz",
      "integrity": "sha512-eQBQpP91k1WiusCw2XPziVgUK+D8ISWyEKtJqmEWv28V+KYmEn9p+sm5l9502fIbzM8eVFH2PIx3JnptmQ1hGA=="
    },
    "regenerator-runtime": {
      "version": "0.13.5",
      "resolved": "https://registry.npmjs.org/regenerator-runtime/-/regenerator-runtime-0.13.5.tgz",
      "integrity": "sha512-ZS5w8CpKFinUzOwW3c83oPeVXoNsrLsaCoLtJvAClH135j/R77RuymhiSErhm2lKcwSCIpmvIWSbDkIfAqKQlA=="
    },
    "speechmarkdown-js": {
      "version": "1.1.0",
      "resolved": "https://registry.npmjs.org/speechmarkdown-js/-/speechmarkdown-js-1.1.0.tgz",
      "integrity": "sha512-PZZbs1nwCjer6JPbmRwu5+tlxeSFwMwbIrM8v1vJDOWPkCVP54j8LDkDTlUSZVMfEyPFtL+XPhISVcin7/TKVw==",
      "requires": {
        "myna-parser": "^2.5.1",
        "tslib": "^1.10.0"
      }
    },
    "tslib": {
      "version": "1.13.0",
      "resolved": "https://registry.npmjs.org/tslib/-/tslib-1.13.0.tgz",
      "integrity": "sha512-i/6DQjL8Xf3be4K/E6Wgpekn5Qasl1usyw++dAA35Ue5orEn65VIxOA+YvNNl9HV3qv70T7CNwjODHZrLwvd1Q=="
    }
  }
}
